
Microsoft Visual Studio Solution File, Format Version 12.00
# Visual Studio 15
VisualStudioVersion = 15.0.26124.0
MinimumVisualStudioVersion = 15.0.26124.0
Project("{2150E333-8FDC-42A3-9474-1A3956D46DE8}") = "src", "src", "{EBAFDCB4-7E0D-44B8-BEA8-FFDE5E5F840B}"
EndProject
Project("{FAE04EC0-301F-11D3-BF4B-00C04F79EFBC}") = "SimpleAPI", "src\SimpleAPI\SimpleAPI.csproj", "{1BD85C81-9E74-46B8-8D1A-355617E11ABF}"
EndProject
Project("{2150E333-8FDC-42A3-9474-1A3956D46DE8}") = "test", "test", "{6385B073-CF02-4617-9168-2F61B47D4FEB}"
EndProject
Project("{FAE04EC0-301F-11D3-BF4B-00C04F79EFBC}") = "SimpleAPI.TEST", "test\SimpleAPI.TEST\SimpleAPI.TEST.csproj", "{B8BA1237-26B6-4964-8736-6CB3E2F180C5}"
EndProject
Global
	GlobalSection(SolutionConfigurationPlatforms) = preSolution
		Debug|Any CPU = Debug|Any CPU
		Debug|x64 = Debug|x64
		Debug|x86 = Debug|x86
		Release|Any CPU = Release|Any CPU
		Release|x64 = Release|x64
		Release|x86 = Release|x86
	EndGlobalSection
	GlobalSection(SolutionProperties) = preSolution
		HideSolutionNode = FALSE
	EndGlobalSection
	GlobalSection(ProjectConfigurationPlatforms) = postSolution
		{1BD85C81-9E74-46B8-8D1A-355617E11ABF}.Debug|Any CPU.ActiveCfg = Debug|Any CPU
		{1BD85C81-9E74-46B8-8D1A-355617E11ABF}.Debug|Any CPU.Build.0 = Debug|Any CPU
		{1BD85C81-9E74-46B8-8D1A-355617E11ABF}.Debug|x64.ActiveCfg = Debug|Any CPU
		{1BD85C81-9E74-46B8-8D1A-355617E11ABF}.Debug|x64.Build.0 = Debug|Any CPU
		{1BD85C81-9E74-46B8-8D1A-355617E11ABF}.Debug|x86.ActiveCfg = Debug|Any CPU
		{1BD85C81-9E74-46B8-8D1A-355617E11ABF}.Debug|x86.Build.0 = Debug|Any CPU
		{1BD85C81-9E74-46B8-8D1A-355617E11ABF}.Release|Any CPU.ActiveCfg = Release|Any CPU
		{1BD85C81-9E74-46B8-8D1A-355617E11ABF}.Release|Any CPU.Build.0 = Release|Any CPU
		{1BD85C81-9E74-46B8-8D1A-355617E11ABF}.Release|x64.ActiveCfg = Release|Any CPU
		{1BD85C81-9E74-46B8-8D1A-355617E11ABF}.Release|x64.Build.0 = Release|Any CPU
		{1BD85C81-9E74-46B8-8D1A-355617E11ABF}.Release|x86.ActiveCfg = Release|Any CPU
		{1BD85C81-9E74-46B8-8D1A-355617E11ABF}.Release|x86.Build.0 = Release|Any CPU
		{B8BA1237-26B6-4964-8736-6CB3E2F180C5}.Debug|Any CPU.ActiveCfg = Debug|Any CPU
		{B8BA1237-26B6-4964-8736-6CB3E2F180C5}.Debug|Any CPU.Build.0 = Debug|Any CPU
		{B8BA1237-26B6-4964-8736-6CB3E2F180C5}.Debug|x64.ActiveCfg = Debug|Any CPU
		{B8BA1237-26B6-4964-8736-6CB3E2F180C5}.Debug|x64.Build.0 = Debug|Any CPU
		{B8BA1237-26B6-4964-8736-6CB3E2F180C5}.Debug|x86.ActiveCfg = Debug|Any CPU
		{B8BA1237-26B6-4964-8736-6CB3E2F180C5}.Debug|x86.Build.0 = Debug|Any CPU
		{B8BA1237-26B6-4964-8736-6CB3E2F180C5}.Release|Any CPU.ActiveCfg = Release|Any CPU
		{B8BA1237-26B6-4964-8736-6CB3E2F180C5}.Release|Any CPU.Build.0 = Release|Any CPU
		{B8BA1237-26B6-4964-8736-6CB3E2F180C5}.Release|x64.ActiveCfg = Release|Any CPU
		{B8BA1237-26B6-4964-8736-6CB3E2F180C5}.Release|x64.Build.0 = Release|Any CPU
		{B8BA1237-26B6-4964-8736-6CB3E2F180C5}.Release|x86.ActiveCfg = Release|Any CPU
		{B8BA1237-26B6-4964-8736-6CB3E2F180C5}.Release|x86.Build.0 = Release|Any CPU
	EndGlobalSection
	GlobalSection(NestedProjects) = preSolution
		{1BD85C81-9E74-46B8-8D1A-355617E11ABF} = {EBAFDCB4-7E0D-44B8-BEA8-FFDE5E5F840B}
		{B8BA1237-26B6-4964-8736-6CB3E2F180C5} = {6385B073-CF02-4617-9168-2F61B47D4FEB}
	EndGlobalSection
EndGlobal
